<Solution>
  <Folder Name="/src/">
    <Project Path="src/ZipLink.Api/ZipLink.Api.csproj" />
    <Project Path="src/ZipLink.Core/ZipLink.Core.csproj" />
    <Project Path="src/ZipLink.Infrastructure/ZipLink.Infrastructure.csproj" />
  </Folder>
  <Folder Name="/tests/">
    <Project Path="tests/ZipLink.Tests/ZipLink.Tests.csproj" />
  </Folder>
</Solution>
